
Microsoft Visual Studio Solution File, Format Version 12.00
# Visual Studio 2013
VisualStudioVersion = 12.0.21005.1
MinimumVisualStudioVersion = 10.0.40219.1
Project("{F184B08F-C81C-45F6-A57F-5ABD9991F28F}") = "ChatBot", "Artificial Intelligence\ChatBot.vbproj", "{041043A7-090D-41C3-AEE4-E088E2F6A407}"
EndProject
Project("{2150E333-8FDC-42A3-9474-1A3956D46DE8}") = "Solution Items", "Solution Items", "{289DF9B3-0455-4583-9154-EE3CD7D5DC62}"
	ProjectSection(SolutionItems) = preProject
		SamplePlugin.txt = SamplePlugin.txt
		Script for Movement.txt = Script for Movement.txt
		Script for plugins.txt = Script for plugins.txt
		Script for Speech.txt = Script for Speech.txt
	EndProjectSection
EndProject
Project("{F184B08F-C81C-45F6-A57F-5ABD9991F28F}") = "PluginInterface", "PluginInterface\PluginInterface.vbproj", "{5A83924A-D8B4-468E-8FA6-57C44C72FE00}"
EndProject
Project("{F184B08F-C81C-45F6-A57F-5ABD9991F28F}") = "SamplePlugin", "SamplePlugin\SamplePlugin.vbproj", "{58F49FF1-C035-459C-BCD4-1CB8A9E07478}"
EndProject
Global
	GlobalSection(SolutionConfigurationPlatforms) = preSolution
		Debug|Any CPU = Debug|Any CPU
		Release|Any CPU = Release|Any CPU
	EndGlobalSection
	GlobalSection(ProjectConfigurationPlatforms) = postSolution
		{041043A7-090D-41C3-AEE4-E088E2F6A407}.Debug|Any CPU.ActiveCfg = Debug|Any CPU
		{041043A7-090D-41C3-AEE4-E088E2F6A407}.Debug|Any CPU.Build.0 = Debug|Any CPU
		{041043A7-090D-41C3-AEE4-E088E2F6A407}.Release|Any CPU.ActiveCfg = Release|Any CPU
		{041043A7-090D-41C3-AEE4-E088E2F6A407}.Release|Any CPU.Build.0 = Release|Any CPU
		{5A83924A-D8B4-468E-8FA6-57C44C72FE00}.Debug|Any CPU.ActiveCfg = Debug|Any CPU
		{5A83924A-D8B4-468E-8FA6-57C44C72FE00}.Debug|Any CPU.Build.0 = Debug|Any CPU
		{5A83924A-D8B4-468E-8FA6-57C44C72FE00}.Release|Any CPU.ActiveCfg = Release|Any CPU
		{5A83924A-D8B4-468E-8FA6-57C44C72FE00}.Release|Any CPU.Build.0 = Release|Any CPU
		{58F49FF1-C035-459C-BCD4-1CB8A9E07478}.Debug|Any CPU.ActiveCfg = Debug|Any CPU
		{58F49FF1-C035-459C-BCD4-1CB8A9E07478}.Debug|Any CPU.Build.0 = Debug|Any CPU
		{58F49FF1-C035-459C-BCD4-1CB8A9E07478}.Release|Any CPU.ActiveCfg = Release|Any CPU
		{58F49FF1-C035-459C-BCD4-1CB8A9E07478}.Release|Any CPU.Build.0 = Release|Any CPU
	EndGlobalSection
	GlobalSection(SolutionProperties) = preSolution
		HideSolutionNode = FALSE
	EndGlobalSection
EndGlobal
